
Microsoft Visual Studio Solution File, Format Version 12.00
# Visual Studio 2012
Project("{FAE04EC0-301F-11D3-BF4B-00C04F79EFBC}") = "Checker", "Checker\Checker.csproj", "{FC7FD15E-A753-450F-B063-B2C40590A32F}"
EndProject
Global
	GlobalSection(SolutionConfigurationPlatforms) = preSolution
		Debug|Any CPU = Debug|Any CPU
		Release|Any CPU = Release|Any CPU
	EndGlobalSection
	GlobalSection(ProjectConfigurationPlatforms) = postSolution
		{FC7FD15E-A753-450F-B063-B2C40590A32F}.Debug|Any CPU.ActiveCfg = Debug|Any CPU
		{FC7FD15E-A753-450F-B063-B2C40590A32F}.Debug|Any CPU.Build.0 = Debug|Any CPU
		{FC7FD15E-A753-450F-B063-B2C40590A32F}.Release|Any CPU.ActiveCfg = Release|Any CPU
		{FC7FD15E-A753-450F-B063-B2C40590A32F}.Release|Any CPU.Build.0 = Release|Any CPU
	EndGlobalSection
	GlobalSection(SolutionProperties) = preSolution
		HideSolutionNode = FALSE
	EndGlobalSection
EndGlobal
